
Microsoft Visual Studio Solution File, Format Version 12.00
# Visual Studio Version 16
VisualStudioVersion = 16.0.34031.81
MinimumVisualStudioVersion = 10.0.40219.1
Project("{FAE04EC0-301F-11D3-BF4B-00C04F79EFBC}") = "DE2", "DE2\DE2.csproj", "{C74FF87C-1F16-443B-AA81-98ACA67D7B8C}"
EndProject
Global
	GlobalSection(SolutionConfigurationPlatforms) = preSolution
		Debug|Any CPU = Debug|Any CPU
		Release|Any CPU = Release|Any CPU
	EndGlobalSection
	GlobalSection(ProjectConfigurationPlatforms) = postSolution
		{C74FF87C-1F16-443B-AA81-98ACA67D7B8C}.Debug|Any CPU.ActiveCfg = Debug|Any CPU
		{C74FF87C-1F16-443B-AA81-98ACA67D7B8C}.Debug|Any CPU.Build.0 = Debug|Any CPU
		{C74FF87C-1F16-443B-AA81-98ACA67D7B8C}.Release|Any CPU.ActiveCfg = Release|Any CPU
		{C74FF87C-1F16-443B-AA81-98ACA67D7B8C}.Release|Any CPU.Build.0 = Release|Any CPU
	EndGlobalSection
	GlobalSection(SolutionProperties) = preSolution
		HideSolutionNode = FALSE
	EndGlobalSection
	GlobalSection(ExtensibilityGlobals) = postSolution
		SolutionGuid = {E2B13084-100F-494D-8B7F-2E95C8D322BC}
	EndGlobalSection
EndGlobal
